
Microsoft Visual Studio Solution File, Format Version 12.00
# Visual Studio Version 17
VisualStudioVersion = 17.14.36511.14 d17.14
MinimumVisualStudioVersion = 10.0.40219.1
Project("{FAE04EC0-301F-11D3-BF4B-00C04F79EFBC}") = "LambdaGeneration.API", "LambdaGeneration.API\LambdaGeneration.API.csproj", "{D6BBF87E-5812-477E-9554-DCAF66FB5349}"
EndProject
Project("{FAE04EC0-301F-11D3-BF4B-00C04F79EFBC}") = "LambdaGeneration.API.Core", "LambdaGeneration.API.Core\LambdaGeneration.API.Core.csproj", "{26817BAC-9B5E-4FFF-A17F-4DD6A1AB614C}"
EndProject
Project("{FAE04EC0-301F-11D3-BF4B-00C04F79EFBC}") = "LambdaGeneration.API.Application", "LambdaGeneration.API.Application\LambdaGeneration.API.Application.csproj", "{71A8A866-14A2-4F04-BB23-79F19D8E2075}"
EndProject
Project("{FAE04EC0-301F-11D3-BF4B-00C04F79EFBC}") = "LambdaGeneration.API.Date", "LambdaGeneration.API.Date\LambdaGeneration.API.Date.csproj", "{25BD3798-F7E8-4BC5-A2E7-FAD9675CEB82}"
EndProject
Project("{FAE04EC0-301F-11D3-BF4B-00C04F79EFBC}") = "LambdaGeneration.API.Infrastructure", "LambdaGeneration.API.Infrastructure\LambdaGeneration.API.Infrastructure.csproj", "{7F2EF759-5875-4129-B0E5-8740F39656B9}"
EndProject
Global
	GlobalSection(SolutionConfigurationPlatforms) = preSolution
		Debug|Any CPU = Debug|Any CPU
		Release|Any CPU = Release|Any CPU
	EndGlobalSection
	GlobalSection(ProjectConfigurationPlatforms) = postSolution
		{D6BBF87E-5812-477E-9554-DCAF66FB5349}.Debug|Any CPU.ActiveCfg = Debug|Any CPU
		{D6BBF87E-5812-477E-9554-DCAF66FB5349}.Debug|Any CPU.Build.0 = Debug|Any CPU
		{D6BBF87E-5812-477E-9554-DCAF66FB5349}.Release|Any CPU.ActiveCfg = Release|Any CPU
		{D6BBF87E-5812-477E-9554-DCAF66FB5349}.Release|Any CPU.Build.0 = Release|Any CPU
		{26817BAC-9B5E-4FFF-A17F-4DD6A1AB614C}.Debug|Any CPU.ActiveCfg = Debug|Any CPU
		{26817BAC-9B5E-4FFF-A17F-4DD6A1AB614C}.Debug|Any CPU.Build.0 = Debug|Any CPU
		{26817BAC-9B5E-4FFF-A17F-4DD6A1AB614C}.Release|Any CPU.ActiveCfg = Release|Any CPU
		{26817BAC-9B5E-4FFF-A17F-4DD6A1AB614C}.Release|Any CPU.Build.0 = Release|Any CPU
		{71A8A866-14A2-4F04-BB23-79F19D8E2075}.Debug|Any CPU.ActiveCfg = Debug|Any CPU
		{71A8A866-14A2-4F04-BB23-79F19D8E2075}.Debug|Any CPU.Build.0 = Debug|Any CPU
		{71A8A866-14A2-4F04-BB23-79F19D8E2075}.Release|Any CPU.ActiveCfg = Release|Any CPU
		{71A8A866-14A2-4F04-BB23-79F19D8E2075}.Release|Any CPU.Build.0 = Release|Any CPU
		{25BD3798-F7E8-4BC5-A2E7-FAD9675CEB82}.Debug|Any CPU.ActiveCfg = Debug|Any CPU
		{25BD3798-F7E8-4BC5-A2E7-FAD9675CEB82}.Debug|Any CPU.Build.0 = Debug|Any CPU
		{25BD3798-F7E8-4BC5-A2E7-FAD9675CEB82}.Release|Any CPU.ActiveCfg = Release|Any CPU
		{25BD3798-F7E8-4BC5-A2E7-FAD9675CEB82}.Release|Any CPU.Build.0 = Release|Any CPU
		{7F2EF759-5875-4129-B0E5-8740F39656B9}.Debug|Any CPU.ActiveCfg = Debug|Any CPU
		{7F2EF759-5875-4129-B0E5-8740F39656B9}.Debug|Any CPU.Build.0 = Debug|Any CPU
		{7F2EF759-5875-4129-B0E5-8740F39656B9}.Release|Any CPU.ActiveCfg = Release|Any CPU
		{7F2EF759-5875-4129-B0E5-8740F39656B9}.Release|Any CPU.Build.0 = Release|Any CPU
	EndGlobalSection
	GlobalSection(SolutionProperties) = preSolution
		HideSolutionNode = FALSE
	EndGlobalSection
	GlobalSection(ExtensibilityGlobals) = postSolution
		SolutionGuid = {228EAC98-0B2E-4120-B425-232E8C20F16C}
	EndGlobalSection
EndGlobal
